// !$*UTF8*$!
{
	archiveVersion = 1;
	classes = {
	};
	objectVersion = 46;
	objects = {

/* Begin PBXBuildFile section */
		36248CEA1D7C863F00FCDB7A /* MenuViewController.m in Sources */ = {isa = PBXBuildFile; fileRef = 36248CE71D7C863F00FCDB7A /* MenuViewController.m */; };
		36248CEB1D7C863F00FCDB7A /* SWRevealViewController.m in Sources */ = {isa = PBXBuildFile; fileRef = 36248CE91D7C863F00FCDB7A /* SWRevealViewController.m */; };
		36248CED1D7C89FF00FCDB7A /* HomeView.swift in Sources */ = {isa = PBXBuildFile; fileRef = 36248CEC1D7C89FF00FCDB7A /* HomeView.swift */; };
		36F1DC5A1D76085700299681 /* bloodPin.png in Resources */ = {isa = PBXBuildFile; fileRef = 36F1DC591D76085700299681 /* bloodPin.png */; };
		3A92E4671D71B3C30028E017 /* takeoff.png in Resources */ = {isa = PBXBuildFile; fileRef = 3A92E4661D71B3C30028E017 /* takeoff.png */; };
		3A92E4691D71E5880028E017 /* CoreLocation.framework in Frameworks */ = {isa = PBXBuildFile; fileRef = 3A92E4681D71E5880028E017 /* CoreLocation.framework */; };
		3AE3D4AC1D6E03D7008556CF /* AppDelegate.swift in Sources */ = {isa = PBXBuildFile; fileRef = 3AE3D4AB1D6E03D7008556CF /* AppDelegate.swift */; };
		3AE3D4AE1D6E03D7008556CF /* ViewController.swift in Sources */ = {isa = PBXBuildFile; fileRef = 3AE3D4AD1D6E03D7008556CF /* ViewController.swift */; };
		3AE3D4B11D6E03D7008556CF /* Main.storyboard in Resources */ = {isa = PBXBuildFile; fileRef = 3AE3D4AF1D6E03D7008556CF /* Main.storyboard */; };
		3AE3D4B41D6E03D7008556CF /* Blood_Donor.xcdatamodeld in Sources */ = {isa = PBXBuildFile; fileRef = 3AE3D4B21D6E03D7008556CF /* Blood_Donor.xcdatamodeld */; };
		3AE3D4B61D6E03D7008556CF /* Assets.xcassets in Resources */ = {isa = PBXBuildFile; fileRef = 3AE3D4B51D6E03D7008556CF /* Assets.xcassets */; };
		3AE3D4B91D6E03D7008556CF /* LaunchScreen.storyboard in Resources */ = {isa = PBXBuildFile; fileRef = 3AE3D4B71D6E03D7008556CF /* LaunchScreen.storyboard */; };
		3AE3D4C41D6E03D7008556CF /* Blood_DonorTests.swift in Sources */ = {isa = PBXBuildFile; fileRef = 3AE3D4C31D6E03D7008556CF /* Blood_DonorTests.swift */; };
		3AE3D4CF1D6E03D7008556CF /* Blood_DonorUITests.swift in Sources */ = {isa = PBXBuildFile; fileRef = 3AE3D4CE1D6E03D7008556CF /* Blood_DonorUITests.swift */; };
		3AE3D4E91D6E29D1008556CF /* VIPER Pattern Usage GuidLines in Resources */ = {isa = PBXBuildFile; fileRef = 3AE3D4E81D6E29D1008556CF /* VIPER Pattern Usage GuidLines */; };
		9EB66C30DD2CE2C34D6E240C /* Pods_Blood_Donor.framework in Frameworks */ = {isa = PBXBuildFile; fileRef = 4E6A533A6CB0BD6BE474B18F /* Pods_Blood_Donor.framework */; };
/* End PBXBuildFile section */

/* Begin PBXContainerItemProxy section */
		3AE3D4C01D6E03D7008556CF /* PBXContainerItemProxy */ = {
			isa = PBXContainerItemProxy;
			containerPortal = 3AE3D4A01D6E03D7008556CF /* Project object */;
			proxyType = 1;
			remoteGlobalIDString = 3AE3D4A71D6E03D7008556CF;
			remoteInfo = "Blood Donor";
		};
		3AE3D4CB1D6E03D7008556CF /* PBXContainerItemProxy */ = {
			isa = PBXContainerItemProxy;
			containerPortal = 3AE3D4A01D6E03D7008556CF /* Project object */;
			proxyType = 1;
			remoteGlobalIDString = 3AE3D4A71D6E03D7008556CF;
			remoteInfo = "Blood Donor";
		};
/* End PBXContainerItemProxy section */

/* Begin PBXFileReference section */
		36248CE61D7C863F00FCDB7A /* MenuViewController.h */ = {isa = PBXFileReference; fileEncoding = 4; lastKnownFileType = sourcecode.c.h; path = MenuViewController.h; sourceTree = "<group>"; };
		36248CE71D7C863F00FCDB7A /* MenuViewController.m */ = {isa = PBXFileReference; fileEncoding = 4; lastKnownFileType = sourcecode.c.objc; path = MenuViewController.m; sourceTree = "<group>"; };
		36248CE81D7C863F00FCDB7A /* SWRevealViewController.h */ = {isa = PBXFileReference; fileEncoding = 4; lastKnownFileType = sourcecode.c.h; path = SWRevealViewController.h; sourceTree = "<group>"; };
		36248CE91D7C863F00FCDB7A /* SWRevealViewController.m */ = {isa = PBXFileReference; fileEncoding = 4; lastKnownFileType = sourcecode.c.objc; path = SWRevealViewController.m; sourceTree = "<group>"; };
		36248CEC1D7C89FF00FCDB7A /* HomeView.swift */ = {isa = PBXFileReference; fileEncoding = 4; lastKnownFileType = sourcecode.swift; path = HomeView.swift; sourceTree = "<group>"; };
		36248CEF1D7C92C800FCDB7A /* ObjectiveC-Bridging-Header.h */ = {isa = PBXFileReference; lastKnownFileType = sourcecode.c.h; path = "ObjectiveC-Bridging-Header.h"; sourceTree = "<group>"; };
		36F1DC591D76085700299681 /* bloodPin.png */ = {isa = PBXFileReference; lastKnownFileType = image.png; name = bloodPin.png; path = ../../../../Fastuni/bloodPin.png; sourceTree = "<group>"; };
		3A92E4661D71B3C30028E017 /* takeoff.png */ = {isa = PBXFileReference; lastKnownFileType = image.png; name = takeoff.png; path = Assets.xcassets/take_off.imageset/takeoff.png; sourceTree = "<group>"; };
		3A92E4681D71E5880028E017 /* CoreLocation.framework */ = {isa = PBXFileReference; lastKnownFileType = wrapper.framework; name = CoreLocation.framework; path = System/Library/Frameworks/CoreLocation.framework; sourceTree = SDKROOT; };
		3AE3D4A81D6E03D7008556CF /* Blood Donor.app */ = {isa = PBXFileReference; explicitFileType = wrapper.application; includeInIndex = 0; path = "Blood Donor.app"; sourceTree = BUILT_PRODUCTS_DIR; };
		3AE3D4AB1D6E03D7008556CF /* AppDelegate.swift */ = {isa = PBXFileReference; lastKnownFileType = sourcecode.swift; path = AppDelegate.swift; sourceTree = "<group>"; };
		3AE3D4AD1D6E03D7008556CF /* ViewController.swift */ = {isa = PBXFileReference; lastKnownFileType = sourcecode.swift; path = ViewController.swift; sourceTree = "<group>"; };
		3AE3D4B01D6E03D7008556CF /* Base */ = {isa = PBXFileReference; lastKnownFileType = file.storyboard; name = Base; path = Base.lproj/Main.storyboard; sourceTree = "<group>"; };
		3AE3D4B31D6E03D7008556CF /* Blood_Donor.xcdatamodel */ = {isa = PBXFileReference; lastKnownFileType = wrapper.xcdatamodel; path = Blood_Donor.xcdatamodel; sourceTree = "<group>"; };
		3AE3D4B51D6E03D7008556CF /* Assets.xcassets */ = {isa = PBXFileReference; lastKnownFileType = folder.assetcatalog; path = Assets.xcassets; sourceTree = "<group>"; };
		3AE3D4B81D6E03D7008556CF /* Base */ = {isa = PBXFileReference; lastKnownFileType = file.storyboard; name = Base; path = Base.lproj/LaunchScreen.storyboard; sourceTree = "<group>"; };
		3AE3D4BA1D6E03D7008556CF /* Info.plist */ = {isa = PBXFileReference; lastKnownFileType = text.plist.xml; path = Info.plist; sourceTree = "<group>"; };
		3AE3D4BF1D6E03D7008556CF /* Blood DonorTests.xctest */ = {isa = PBXFileReference; explicitFileType = wrapper.cfbundle; includeInIndex = 0; path = "Blood DonorTests.xctest"; sourceTree = BUILT_PRODUCTS_DIR; };
		3AE3D4C31D6E03D7008556CF /* Blood_DonorTests.swift */ = {isa = PBXFileReference; lastKnownFileType = sourcecode.swift; path = Blood_DonorTests.swift; sourceTree = "<group>"; };
		3AE3D4C51D6E03D7008556CF /* Info.plist */ = {isa = PBXFileReference; lastKnownFileType = text.plist.xml; path = Info.plist; sourceTree = "<group>"; };
		3AE3D4CA1D6E03D7008556CF /* Blood DonorUITests.xctest */ = {isa = PBXFileReference; explicitFileType = wrapper.cfbundle; includeInIndex = 0; path = "Blood DonorUITests.xctest"; sourceTree = BUILT_PRODUCTS_DIR; };
		3AE3D4CE1D6E03D7008556CF /* Blood_DonorUITests.swift */ = {isa = PBXFileReference; lastKnownFileType = sourcecode.swift; path = Blood_DonorUITests.swift; sourceTree = "<group>"; };
		3AE3D4D01D6E03D7008556CF /* Info.plist */ = {isa = PBXFileReference; lastKnownFileType = text.plist.xml; path = Info.plist; sourceTree = "<group>"; };
		3AE3D4E81D6E29D1008556CF /* VIPER Pattern Usage GuidLines */ = {isa = PBXFileReference; fileEncoding = 4; lastKnownFileType = text; path = "VIPER Pattern Usage GuidLines"; sourceTree = "<group>"; };
		4E6A533A6CB0BD6BE474B18F /* Pods_Blood_Donor.framework */ = {isa = PBXFileReference; explicitFileType = wrapper.framework; includeInIndex = 0; path = Pods_Blood_Donor.framework; sourceTree = BUILT_PRODUCTS_DIR; };
		5B850A953C0868C3D17F0549 /* Pods-Blood Donor.release.xcconfig */ = {isa = PBXFileReference; includeInIndex = 1; lastKnownFileType = text.xcconfig; name = "Pods-Blood Donor.release.xcconfig"; path = "Pods/Target Support Files/Pods-Blood Donor/Pods-Blood Donor.release.xcconfig"; sourceTree = "<group>"; };
		846CC1CE9E1ECF0E00B705F5 /* Pods-Blood Donor.debug.xcconfig */ = {isa = PBXFileReference; includeInIndex = 1; lastKnownFileType = text.xcconfig; name = "Pods-Blood Donor.debug.xcconfig"; path = "Pods/Target Support Files/Pods-Blood Donor/Pods-Blood Donor.debug.xcconfig"; sourceTree = "<group>"; };
/* End PBXFileReference section */

/* Begin PBXFrameworksBuildPhase section */
		3AE3D4A51D6E03D7008556CF /* Frameworks */ = {
			isa = PBXFrameworksBuildPhase;
			buildActionMask = 2147483647;
			files = (
				3A92E4691D71E5880028E017 /* CoreLocation.framework in Frameworks */,
				9EB66C30DD2CE2C34D6E240C /* Pods_Blood_Donor.framework in Frameworks */,
			);
			runOnlyForDeploymentPostprocessing = 0;
		};
		3AE3D4BC1D6E03D7008556CF /* Frameworks */ = {
			isa = PBXFrameworksBuildPhase;
			buildActionMask = 2147483647;
			files = (
			);
			runOnlyForDeploymentPostprocessing = 0;
		};
		3AE3D4C71D6E03D7008556CF /* Frameworks */ = {
			isa = PBXFrameworksBuildPhase;
			buildActionMask = 2147483647;
			files = (
			);
			runOnlyForDeploymentPostprocessing = 0;
		};
/* End PBXFrameworksBuildPhase section */

/* Begin PBXGroup section */
		189D37D3E414CA5F99E3AF39 /* Pods */ = {
			isa = PBXGroup;
			children = (
				846CC1CE9E1ECF0E00B705F5 /* Pods-Blood Donor.debug.xcconfig */,
				5B850A953C0868C3D17F0549 /* Pods-Blood Donor.release.xcconfig */,
			);
			name = Pods;
			sourceTree = "<group>";
		};
		36248CE41D7C85F400FCDB7A /* SlidebarMenu */ = {
			isa = PBXGroup;
			children = (
				36248CE61D7C863F00FCDB7A /* MenuViewController.h */,
				36248CE71D7C863F00FCDB7A /* MenuViewController.m */,
				36248CE81D7C863F00FCDB7A /* SWRevealViewController.h */,
				36248CE91D7C863F00FCDB7A /* SWRevealViewController.m */,
			);
			name = SlidebarMenu;
			path = ..;
			sourceTree = "<group>";
		};
		3AE3D49F1D6E03D7008556CF = {
			isa = PBXGroup;
			children = (
				3AE3D4AA1D6E03D7008556CF /* Blood Donor */,
				3AE3D4C21D6E03D7008556CF /* Blood DonorTests */,
				3AE3D4CD1D6E03D7008556CF /* Blood DonorUITests */,
				3AE3D4A91D6E03D7008556CF /* Products */,
				189D37D3E414CA5F99E3AF39 /* Pods */,
				6C17F7A22A0830D04B59778A /* Frameworks */,
			);
			sourceTree = "<group>";
		};
		3AE3D4A91D6E03D7008556CF /* Products */ = {
			isa = PBXGroup;
			children = (
				3AE3D4A81D6E03D7008556CF /* Blood Donor.app */,
				3AE3D4BF1D6E03D7008556CF /* Blood DonorTests.xctest */,
				3AE3D4CA1D6E03D7008556CF /* Blood DonorUITests.xctest */,
			);
			name = Products;
			sourceTree = "<group>";
		};
		3AE3D4AA1D6E03D7008556CF /* Blood Donor */ = {
			isa = PBXGroup;
			children = (
				36248CE41D7C85F400FCDB7A /* SlidebarMenu */,
				36F1DC591D76085700299681 /* bloodPin.png */,
				3A92E4661D71B3C30028E017 /* takeoff.png */,
				3AE3D4EA1D6E2CF7008556CF /* DataStore */,
				3AE3D4E71D6E29C1008556CF /* GuidLines */,
				3AE3D4E61D6E0D11008556CF /* CoreData UI Models */,
				3AE3D4E51D6E0CF8008556CF /* Configuration Files */,
				3AE3D4E41D6E0CE2008556CF /* Assets */,
				3AE3D4E31D6E0CCD008556CF /* StoryBoard */,
				3AE3D4E21D6E0CB5008556CF /* VIPER Pattern */,
				3AE3D4AD1D6E03D7008556CF /* ViewController.swift */,
				36248CEC1D7C89FF00FCDB7A /* HomeView.swift */,
				3AE3D4DC1D6E0BC6008556CF /* AppDelegate */,
				36248CEF1D7C92C800FCDB7A /* ObjectiveC-Bridging-Header.h */,
			);
			path = "Blood Donor";
			sourceTree = "<group>";
		};
		3AE3D4C21D6E03D7008556CF /* Blood DonorTests */ = {
			isa = PBXGroup;
			children = (
				3AE3D4C31D6E03D7008556CF /* Blood_DonorTests.swift */,
				3AE3D4C51D6E03D7008556CF /* Info.plist */,
			);
			path = "Blood DonorTests";
			sourceTree = "<group>";
		};
		3AE3D4CD1D6E03D7008556CF /* Blood DonorUITests */ = {
			isa = PBXGroup;
			children = (
				3AE3D4CE1D6E03D7008556CF /* Blood_DonorUITests.swift */,
				3AE3D4D01D6E03D7008556CF /* Info.plist */,
			);
			path = "Blood DonorUITests";
			sourceTree = "<group>";
		};
		3AE3D4DC1D6E0BC6008556CF /* AppDelegate */ = {
			isa = PBXGroup;
			children = (
				3AE3D4AB1D6E03D7008556CF /* AppDelegate.swift */,
			);
			name = AppDelegate;
			sourceTree = "<group>";
		};
		3AE3D4DD1D6E0C72008556CF /* View */ = {
			isa = PBXGroup;
			children = (
			);
			name = View;
			sourceTree = "<group>";
		};
		3AE3D4DE1D6E0C7D008556CF /* Entity */ = {
			isa = PBXGroup;
			children = (
			);
			name = Entity;
			sourceTree = "<group>";
		};
		3AE3D4DF1D6E0C87008556CF /* Presenter */ = {
			isa = PBXGroup;
			children = (
			);
			name = Presenter;
			sourceTree = "<group>";
		};
		3AE3D4E01D6E0C95008556CF /* Interactor */ = {
			isa = PBXGroup;
			children = (
			);
			name = Interactor;
			sourceTree = "<group>";
		};
		3AE3D4E11D6E0CAC008556CF /* Routing */ = {
			isa = PBXGroup;
			children = (
			);
			name = Routing;
			sourceTree = "<group>";
		};
		3AE3D4E21D6E0CB5008556CF /* VIPER Pattern */ = {
			isa = PBXGroup;
			children = (
				3AE3D4E11D6E0CAC008556CF /* Routing */,
				3AE3D4E01D6E0C95008556CF /* Interactor */,
				3AE3D4DF1D6E0C87008556CF /* Presenter */,
				3AE3D4DE1D6E0C7D008556CF /* Entity */,
				3AE3D4DD1D6E0C72008556CF /* View */,
			);
			name = "VIPER Pattern";
			sourceTree = "<group>";
		};
		3AE3D4E31D6E0CCD008556CF /* StoryBoard */ = {
			isa = PBXGroup;
			children = (
				3AE3D4AF1D6E03D7008556CF /* Main.storyboard */,
				3AE3D4B71D6E03D7008556CF /* LaunchScreen.storyboard */,
			);
			name = StoryBoard;
			sourceTree = "<group>";
		};
		3AE3D4E41D6E0CE2008556CF /* Assets */ = {
			isa = PBXGroup;
			children = (
				3AE3D4B51D6E03D7008556CF /* Assets.xcassets */,
			);
			name = Assets;
			sourceTree = "<group>";
		};
		3AE3D4E51D6E0CF8008556CF /* Configuration Files */ = {
			isa = PBXGroup;
			children = (
				3AE3D4BA1D6E03D7008556CF /* Info.plist */,
			);
			name = "Configuration Files";
			sourceTree = "<group>";
		};
		3AE3D4E61D6E0D11008556CF /* CoreData UI Models */ = {
			isa = PBXGroup;
			children = (
				3AE3D4B21D6E03D7008556CF /* Blood_Donor.xcdatamodeld */,
			);
			name = "CoreData UI Models";
			sourceTree = "<group>";
		};
		3AE3D4E71D6E29C1008556CF /* GuidLines */ = {
			isa = PBXGroup;
			children = (
				3AE3D4E81D6E29D1008556CF /* VIPER Pattern Usage GuidLines */,
			);
			name = GuidLines;
			sourceTree = "<group>";
		};
		3AE3D4EA1D6E2CF7008556CF /* DataStore */ = {
			isa = PBXGroup;
			children = (
			);
			name = DataStore;
			sourceTree = "<group>";
		};
		6C17F7A22A0830D04B59778A /* Frameworks */ = {
			isa = PBXGroup;
			children = (
				3A92E4681D71E5880028E017 /* CoreLocation.framework */,
				4E6A533A6CB0BD6BE474B18F /* Pods_Blood_Donor.framework */,
			);
			name = Frameworks;
			sourceTree = "<group>";
		};
/* End PBXGroup section */

/* Begin PBXNativeTarget section */
		3AE3D4A71D6E03D7008556CF /* Blood Donor */ = {
			isa = PBXNativeTarget;
			buildConfigurationList = 3AE3D4D31D6E03D7008556CF /* Build configuration list for PBXNativeTarget "Blood Donor" */;
			buildPhases = (
				3123E7136048BF292F086838 /* [CP] Check Pods Manifest.lock */,
				3AE3D4A41D6E03D7008556CF /* Sources */,
				3AE3D4A51D6E03D7008556CF /* Frameworks */,
				3AE3D4A61D6E03D7008556CF /* Resources */,
				F9E90D91B4F3DE4D0ACDE972 /* [CP] Embed Pods Frameworks */,
				7190A5F48D0DEAE1C2F1B92F /* [CP] Copy Pods Resources */,
			);
			buildRules = (
			);
			dependencies = (
			);
			name = "Blood Donor";
			productName = "Blood Donor";
			productReference = 3AE3D4A81D6E03D7008556CF /* Blood Donor.app */;
			productType = "com.apple.product-type.application";
		};
		3AE3D4BE1D6E03D7008556CF /* Blood DonorTests */ = {
			isa = PBXNativeTarget;
			buildConfigurationList = 3AE3D4D61D6E03D7008556CF /* Build configuration list for PBXNativeTarget "Blood DonorTests" */;
			buildPhases = (
				3AE3D4BB1D6E03D7008556CF /* Sources */,
				3AE3D4BC1D6E03D7008556CF /* Frameworks */,
				3AE3D4BD1D6E03D7008556CF /* Resources */,
			);
			buildRules = (
			);
			dependencies = (
				3AE3D4C11D6E03D7008556CF /* PBXTargetDependency */,
			);
			name = "Blood DonorTests";
			productName = "Blood DonorTests";
			productReference = 3AE3D4BF1D6E03D7008556CF /* Blood DonorTests.xctest */;
			productType = "com.apple.product-type.bundle.unit-test";
		};
		3AE3D4C91D6E03D7008556CF /* Blood DonorUITests */ = {
			isa = PBXNativeTarget;
			buildConfigurationList = 3AE3D4D91D6E03D7008556CF /* Build configuration list for PBXNativeTarget "Blood DonorUITests" */;
			buildPhases = (
				3AE3D4C61D6E03D7008556CF /* Sources */,
				3AE3D4C71D6E03D7008556CF /* Frameworks */,
				3AE3D4C81D6E03D7008556CF /* Resources */,
			);
			buildRules = (
			);
			dependencies = (
				3AE3D4CC1D6E03D7008556CF /* PBXTargetDependency */,
			);
			name = "Blood DonorUITests";
			productName = "Blood DonorUITests";
			productReference = 3AE3D4CA1D6E03D7008556CF /* Blood DonorUITests.xctest */;
			productType = "com.apple.product-type.bundle.ui-testing";
		};
/* End PBXNativeTarget section */

/* Begin PBXProject section */
		3AE3D4A01D6E03D7008556CF /* Project object */ = {
			isa = PBXProject;
			attributes = {
				CLASSPREFIX = BD;
				LastSwiftUpdateCheck = 0730;
				LastUpgradeCheck = 0730;
				ORGANIZATIONNAME = "Ali Akhtar";
				TargetAttributes = {
					3AE3D4A71D6E03D7008556CF = {
						CreatedOnToolsVersion = 7.3;
					};
					3AE3D4BE1D6E03D7008556CF = {
						CreatedOnToolsVersion = 7.3;
						TestTargetID = 3AE3D4A71D6E03D7008556CF;
					};
					3AE3D4C91D6E03D7008556CF = {
						CreatedOnToolsVersion = 7.3;
						TestTargetID = 3AE3D4A71D6E03D7008556CF;
					};
				};
			};
			buildConfigurationList = 3AE3D4A31D6E03D7008556CF /* Build configuration list for PBXProject "Blood Donor" */;
			compatibilityVersion = "Xcode 3.2";
			developmentRegion = English;
			hasScannedForEncodings = 0;
			knownRegions = (
				en,
				Base,
			);
			mainGroup = 3AE3D49F1D6E03D7008556CF;
			productRefGroup = 3AE3D4A91D6E03D7008556CF /* Products */;
			projectDirPath = "";
			projectRoot = "";
			targets = (
				3AE3D4A71D6E03D7008556CF /* Blood Donor */,
				3AE3D4BE1D6E03D7008556CF /* Blood DonorTests */,
				3AE3D4C91D6E03D7008556CF /* Blood DonorUITests */,
			);
		};
/* End PBXProject section */

/* Begin PBXResourcesBuildPhase section */
		3AE3D4A61D6E03D7008556CF /* Resources */ = {
			isa = PBXResourcesBuildPhase;
			buildActionMask = 2147483647;
			files = (
				36F1DC5A1D76085700299681 /* bloodPin.png in Resources */,
				3A92E4671D71B3C30028E017 /* takeoff.png in Resources */,
				3AE3D4E91D6E29D1008556CF /* VIPER Pattern Usage GuidLines in Resources */,
				3AE3D4B91D6E03D7008556CF /* LaunchScreen.storyboard in Resources */,
				3AE3D4B61D6E03D7008556CF /* Assets.xcassets in Resources */,
				3AE3D4B11D6E03D7008556CF /* Main.storyboard in Resources */,
			);
			runOnlyForDeploymentPostprocessing = 0;
		};
		3AE3D4BD1D6E03D7008556CF /* Resources */ = {
			isa = PBXResourcesBuildPhase;
			buildActionMask = 2147483647;
			files = (
			);
			runOnlyForDeploymentPostprocessing = 0;
		};
		3AE3D4C81D6E03D7008556CF /* Resources */ = {
			isa = PBXResourcesBuildPhase;
			buildActionMask = 2147483647;
			files = (
			);
			runOnlyForDeploymentPostprocessing = 0;
		};
/* End PBXResourcesBuildPhase section */

/* Begin PBXShellScriptBuildPhase section */
		3123E7136048BF292F086838 /* [CP] Check Pods Manifest.lock */ = {
			isa = PBXShellScriptBuildPhase;
			buildActionMask = 2147483647;
			files = (
			);
			inputPaths = (
			);
			name = "[CP] Check Pods Manifest.lock";
			outputPaths = (
			);
			runOnlyForDeploymentPostprocessing = 0;
			shellPath = /bin/sh;
			shellScript = "diff \"${PODS_ROOT}/../Podfile.lock\" \"${PODS_ROOT}/Manifest.lock\" > /dev/null\nif [[ $? != 0 ]] ; then\n    cat << EOM\nerror: The sandbox is not in sync with the Podfile.lock. Run 'pod install' or update your CocoaPods installation.\nEOM\n    exit 1\nfi\n";
			showEnvVarsInLog = 0;
		};
		7190A5F48D0DEAE1C2F1B92F /* [CP] Copy Pods Resources */ = {
			isa = PBXShellScriptBuildPhase;
			buildActionMask = 2147483647;
			files = (
			);
			inputPaths = (
			);
			name = "[CP] Copy Pods Resources";
			outputPaths = (
			);
			runOnlyForDeploymentPostprocessing = 0;
			shellPath = /bin/sh;
			shellScript = "\"${SRCROOT}/Pods/Target Support Files/Pods-Blood Donor/Pods-Blood Donor-resources.sh\"\n";
			showEnvVarsInLog = 0;
		};
		F9E90D91B4F3DE4D0ACDE972 /* [CP] Embed Pods Frameworks */ = {
			isa = PBXShellScriptBuildPhase;
			buildActionMask = 2147483647;
			files = (
			);
			inputPaths = (
			);
			name = "[CP] Embed Pods Frameworks";
			outputPaths = (
			);
			runOnlyForDeploymentPostprocessing = 0;
			shellPath = /bin/sh;
			shellScript = "\"${SRCROOT}/Pods/Target Support Files/Pods-Blood Donor/Pods-Blood Donor-frameworks.sh\"\n";
			showEnvVarsInLog = 0;
		};
/* End PBXShellScriptBuildPhase section */

/* Begin PBXSourcesBuildPhase section */
		3AE3D4A41D6E03D7008556CF /* Sources */ = {
			isa = PBXSourcesBuildPhase;
			buildActionMask = 2147483647;
			files = (
				3AE3D4AE1D6E03D7008556CF /* ViewController.swift in Sources */,
				3AE3D4AC1D6E03D7008556CF /* AppDelegate.swift in Sources */,
				36248CEB1D7C863F00FCDB7A /* SWRevealViewController.m in Sources */,
				36248CED1D7C89FF00FCDB7A /* HomeView.swift in Sources */,
				3AE3D4B41D6E03D7008556CF /* Blood_Donor.xcdatamodeld in Sources */,
				36248CEA1D7C863F00FCDB7A /* MenuViewController.m in Sources */,
			);
			runOnlyForDeploymentPostprocessing = 0;
		};
		3AE3D4BB1D6E03D7008556CF /* Sources */ = {
			isa = PBXSourcesBuildPhase;
			buildActionMask = 2147483647;
			files = (
				3AE3D4C41D6E03D7008556CF /* Blood_DonorTests.swift in Sources */,
			);
			runOnlyForDeploymentPostprocessing = 0;
		};
		3AE3D4C61D6E03D7008556CF /* Sources */ = {
			isa = PBXSourcesBuildPhase;
			buildActionMask = 2147483647;
			files = (
				3AE3D4CF1D6E03D7008556CF /* Blood_DonorUITests.swift in Sources */,
			);
			runOnlyForDeploymentPostprocessing = 0;
		};
/* End PBXSourcesBuildPhase section */

/* Begin PBXTargetDependency section */
		3AE3D4C11D6E03D7008556CF /* PBXTargetDependency */ = {
			isa = PBXTargetDependency;
			target = 3AE3D4A71D6E03D7008556CF /* Blood Donor */;
			targetProxy = 3AE3D4C01D6E03D7008556CF /* PBXContainerItemProxy */;
		};
		3AE3D4CC1D6E03D7008556CF /* PBXTargetDependency */ = {
			isa = PBXTargetDependency;
			target = 3AE3D4A71D6E03D7008556CF /* Blood Donor */;
			targetProxy = 3AE3D4CB1D6E03D7008556CF /* PBXContainerItemProxy */;
		};
/* End PBXTargetDependency section */

/* Begin PBXVariantGroup section */
		3AE3D4AF1D6E03D7008556CF /* Main.storyboard */ = {
			isa = PBXVariantGroup;
			children = (
				3AE3D4B01D6E03D7008556CF /* Base */,
			);
			name = Main.storyboard;
			sourceTree = "<group>";
		};
		3AE3D4B71D6E03D7008556CF /* LaunchScreen.storyboard */ = {
			isa = PBXVariantGroup;
			children = (
				3AE3D4B81D6E03D7008556CF /* Base */,
			);
			name = LaunchScreen.storyboard;
			sourceTree = "<group>";
		};
/* End PBXVariantGroup section */

/* Begin XCBuildConfiguration section */
		3AE3D4D11D6E03D7008556CF /* Debug */ = {
			isa = XCBuildConfiguration;
			buildSettings = {
				ALWAYS_SEARCH_USER_PATHS = NO;
				CLANG_ANALYZER_NONNULL = YES;
				CLANG_CXX_LANGUAGE_STANDARD = "gnu++0x";
				CLANG_CXX_LIBRARY = "libc++";
				CLANG_ENABLE_MODULES = YES;
				CLANG_ENABLE_OBJC_ARC = YES;
				CLANG_WARN_BOOL_CONVERSION = YES;
				CLANG_WARN_CONSTANT_CONVERSION = YES;
				CLANG_WARN_DIRECT_OBJC_ISA_USAGE = YES_ERROR;
				CLANG_WARN_EMPTY_BODY = YES;
				CLANG_WARN_ENUM_CONVERSION = YES;
				CLANG_WARN_INT_CONVERSION = YES;
				CLANG_WARN_OBJC_ROOT_CLASS = YES_ERROR;
				CLANG_WARN_UNREACHABLE_CODE = YES;
				CLANG_WARN__DUPLICATE_METHOD_MATCH = YES;
				"CODE_SIGN_IDENTITY[sdk=iphoneos*]" = "iPhone Developer";
				COPY_PHASE_STRIP = NO;
				DEBUG_INFORMATION_FORMAT = dwarf;
				ENABLE_STRICT_OBJC_MSGSEND = YES;
				ENABLE_TESTABILITY = YES;
				GCC_C_LANGUAGE_STANDARD = gnu99;
				GCC_DYNAMIC_NO_PIC = NO;
				GCC_NO_COMMON_BLOCKS = YES;
				GCC_OPTIMIZATION_LEVEL = 0;
				GCC_PREPROCESSOR_DEFINITIONS = (
					"DEBUG=1",
					"$(inherited)",
				);
				GCC_WARN_64_TO_32_BIT_CONVERSION = YES;
				GCC_WARN_ABOUT_RETURN_TYPE = YES_ERROR;
				GCC_WARN_UNDECLARED_SELECTOR = YES;
				GCC_WARN_UNINITIALIZED_AUTOS = YES_AGGRESSIVE;
				GCC_WARN_UNUSED_FUNCTION = YES;
				GCC_WARN_UNUSED_VARIABLE = YES;
				IPHONEOS_DEPLOYMENT_TARGET = 9.3;
				MTL_ENABLE_DEBUG_INFO = YES;
				ONLY_ACTIVE_ARCH = YES;
				SDKROOT = iphoneos;
				SWIFT_OPTIMIZATION_LEVEL = "-Onone";
			};
			name = Debug;
		};
		3AE3D4D21D6E03D7008556CF /* Release */ = {
			isa = XCBuildConfiguration;
			buildSettings = {
				ALWAYS_SEARCH_USER_PATHS = NO;
				CLANG_ANALYZER_NONNULL = YES;
				CLANG_CXX_LANGUAGE_STANDARD = "gnu++0x";
				CLANG_CXX_LIBRARY = "libc++";
				CLANG_ENABLE_MODULES = YES;
				CLANG_ENABLE_OBJC_ARC = YES;
				CLANG_WARN_BOOL_CONVERSION = YES;
				CLANG_WARN_CONSTANT_CONVERSION = YES;
				CLANG_WARN_DIRECT_OBJC_ISA_USAGE = YES_ERROR;
				CLANG_WARN_EMPTY_BODY = YES;
				CLANG_WARN_ENUM_CONVERSION = YES;
				CLANG_WARN_INT_CONVERSION = YES;
				CLANG_WARN_OBJC_ROOT_CLASS = YES_ERROR;
				CLANG_WARN_UNREACHABLE_CODE = YES;
				CLANG_WARN__DUPLICATE_METHOD_MATCH = YES;
				"CODE_SIGN_IDENTITY[sdk=iphoneos*]" = "iPhone Developer";
				COPY_PHASE_STRIP = NO;
				DEBUG_INFORMATION_FORMAT = "dwarf-with-dsym";
				ENABLE_NS_ASSERTIONS = NO;
				ENABLE_STRICT_OBJC_MSGSEND = YES;
				GCC_C_LANGUAGE_STANDARD = gnu99;
				GCC_NO_COMMON_BLOCKS = YES;
				GCC_WARN_64_TO_32_BIT_CONVERSION = YES;
				GCC_WARN_ABOUT_RETURN_TYPE = YES_ERROR;
				GCC_WARN_UNDECLARED_SELECTOR = YES;
				GCC_WARN_UNINITIALIZED_AUTOS = YES_AGGRESSIVE;
				GCC_WARN_UNUSED_FUNCTION = YES;
				GCC_WARN_UNUSED_VARIABLE = YES;
				IPHONEOS_DEPLOYMENT_TARGET = 9.3;
				MTL_ENABLE_DEBUG_INFO = NO;
				SDKROOT = iphoneos;
				VALIDATE_PRODUCT = YES;
			};
			name = Release;
		};
		3AE3D4D41D6E03D7008556CF /* Debug */ = {
			isa = XCBuildConfiguration;
			baseConfigurationReference = 846CC1CE9E1ECF0E00B705F5 /* Pods-Blood Donor.debug.xcconfig */;
			buildSettings = {
				ASSETCATALOG_COMPILER_APPICON_NAME = AppIcon;
				CLANG_ENABLE_MODULES = YES;
				INFOPLIST_FILE = "Blood Donor/Info.plist";
				IPHONEOS_DEPLOYMENT_TARGET = 9.2;
				LD_RUNPATH_SEARCH_PATHS = "$(inherited) @executable_path/Frameworks";
				PRODUCT_BUNDLE_IDENTIFIER = "com.vistajet.appteamviewerdemo.Blood-Donor";
				PRODUCT_NAME = "$(TARGET_NAME)";
				SWIFT_OBJC_BRIDGING_HEADER = "Blood Donor/ObjectiveC-Bridging-Header.h";
				SWIFT_OPTIMIZATION_LEVEL = "-Onone";
			};
			name = Debug;
		};
		3AE3D4D51D6E03D7008556CF /* Release */ = {
			isa = XCBuildConfiguration;
			baseConfigurationReference = 5B850A953C0868C3D17F0549 /* Pods-Blood Donor.release.xcconfig */;
			buildSettings = {
				ASSETCATALOG_COMPILER_APPICON_NAME = AppIcon;
				CLANG_ENABLE_MODULES = YES;
				INFOPLIST_FILE = "Blood Donor/Info.plist";
				IPHONEOS_DEPLOYMENT_TARGET = 9.2;
				LD_RUNPATH_SEARCH_PATHS = "$(inherited) @executable_path/Frameworks";
				PRODUCT_BUNDLE_IDENTIFIER = "com.vistajet.appteamviewerdemo.Blood-Donor";
				PRODUCT_NAME = "$(TARGET_NAME)";
				SWIFT_OBJC_BRIDGING_HEADER = "Blood Donor/ObjectiveC-Bridging-Header.h";
			};
			name = Release;
		};
		3AE3D4D71D6E03D7008556CF /* Debug */ = {
			isa = XCBuildConfiguration;
			buildSettings = {
				BUNDLE_LOADER = "$(TEST_HOST)";
				INFOPLIST_FILE = "Blood DonorTests/Info.plist";
				LD_RUNPATH_SEARCH_PATHS = "$(inherited) @executable_path/Frameworks @loader_path/Frameworks";
				PRODUCT_BUNDLE_IDENTIFIER = "com.vistajet.appteamviewerdemo.Blood-DonorTests";
				PRODUCT_NAME = "$(TARGET_NAME)";
				TEST_HOST = "$(BUILT_PRODUCTS_DIR)/Blood Donor.app/Blood Donor";
			};
			name = Debug;
		};
		3AE3D4D81D6E03D7008556CF /* Release */ = {
			isa = XCBuildConfiguration;
			buildSettings = {
				BUNDLE_LOADER = "$(TEST_HOST)";
				INFOPLIST_FILE = "Blood DonorTests/Info.plist";
				LD_RUNPATH_SEARCH_PATHS = "$(inherited) @executable_path/Frameworks @loader_path/Frameworks";
				PRODUCT_BUNDLE_IDENTIFIER = "com.vistajet.appteamviewerdemo.Blood-DonorTests";
				PRODUCT_NAME = "$(TARGET_NAME)";
				TEST_HOST = "$(BUILT_PRODUCTS_DIR)/Blood Donor.app/Blood Donor";
			};
			name = Release;
		};
		3AE3D4DA1D6E03D7008556CF /* Debug */ = {
			isa = XCBuildConfiguration;
			buildSettings = {
				INFOPLIST_FILE = "Blood DonorUITests/Info.plist";
				LD_RUNPATH_SEARCH_PATHS = "$(inherited) @executable_path/Frameworks @loader_path/Frameworks";
				PRODUCT_BUNDLE_IDENTIFIER = "com.vistajet.appteamviewerdemo.Blood-DonorUITests";
				PRODUCT_NAME = "$(TARGET_NAME)";
				TEST_TARGET_NAME = "Blood Donor";
			};
			name = Debug;
		};
		3AE3D4DB1D6E03D7008556CF /* Release */ = {
			isa = XCBuildConfiguration;
			buildSettings = {
				INFOPLIST_FILE = "Blood DonorUITests/Info.plist";
				LD_RUNPATH_SEARCH_PATHS = "$(inherited) @executable_path/Frameworks @loader_path/Frameworks";
				PRODUCT_BUNDLE_IDENTIFIER = "com.vistajet.appteamviewerdemo.Blood-DonorUITests";
				PRODUCT_NAME = "$(TARGET_NAME)";
				TEST_TARGET_NAME = "Blood Donor";
			};
			name = Release;
		};
/* End XCBuildConfiguration section */

/* Begin XCConfigurationList section */
		3AE3D4A31D6E03D7008556CF /* Build configuration list for PBXProject "Blood Donor" */ = {
			isa = XCConfigurationList;
			buildConfigurations = (
				3AE3D4D11D6E03D7008556CF /* Debug */,
				3AE3D4D21D6E03D7008556CF /* Release */,
			);
			defaultConfigurationIsVisible = 0;
			defaultConfigurationName = Release;
		};
		3AE3D4D31D6E03D7008556CF /* Build configuration list for PBXNativeTarget "Blood Donor" */ = {
			isa = XCConfigurationList;
			buildConfigurations = (
				3AE3D4D41D6E03D7008556CF /* Debug */,
				3AE3D4D51D6E03D7008556CF /* Release */,
			);
			defaultConfigurationIsVisible = 0;
			defaultConfigurationName = Release;
		};
		3AE3D4D61D6E03D7008556CF /* Build configuration list for PBXNativeTarget "Blood DonorTests" */ = {
			isa = XCConfigurationList;
			buildConfigurations = (
				3AE3D4D71D6E03D7008556CF /* Debug */,
				3AE3D4D81D6E03D7008556CF /* Release */,
			);
			defaultConfigurationIsVisible = 0;
			defaultConfigurationName = Release;
		};
		3AE3D4D91D6E03D7008556CF /* Build configuration list for PBXNativeTarget "Blood DonorUITests" */ = {
			isa = XCConfigurationList;
			buildConfigurations = (
				3AE3D4DA1D6E03D7008556CF /* Debug */,
				3AE3D4DB1D6E03D7008556CF /* Release */,
			);
			defaultConfigurationIsVisible = 0;
			defaultConfigurationName = Release;
		};
/* End XCConfigurationList section */

/* Begin XCVersionGroup section */
		3AE3D4B21D6E03D7008556CF /* Blood_Donor.xcdatamodeld */ = {
			isa = XCVersionGroup;
			children = (
				3AE3D4B31D6E03D7008556CF /* Blood_Donor.xcdatamodel */,
			);
			currentVersion = 3AE3D4B31D6E03D7008556CF /* Blood_Donor.xcdatamodel */;
			path = Blood_Donor.xcdatamodeld;
			sourceTree = "<group>";
			versionGroupType = wrapper.xcdatamodel;
		};
/* End XCVersionGroup section */
	};
	rootObject = 3AE3D4A01D6E03D7008556CF /* Project object */;
}
